
Microsoft Visual Studio Solution File, Format Version 12.00
# Visual Studio 2013
VisualStudioVersion = 12.0.30723.0
MinimumVisualStudioVersion = 10.0.40219.1
Project("{FAE04EC0-301F-11D3-BF4B-00C04F79EFBC}") = "Dice Thrower", "Dice Thrower\Dice Thrower.csproj", "{FB9F83FC-AF46-4963-BB22-7C4C041151D8}"
EndProject
Global
	GlobalSection(SolutionConfigurationPlatforms) = preSolution
		Debug|Any CPU = Debug|Any CPU
		Release|Any CPU = Release|Any CPU
	EndGlobalSection
	GlobalSection(ProjectConfigurationPlatforms) = postSolution
		{FB9F83FC-AF46-4963-BB22-7C4C041151D8}.Debug|Any CPU.ActiveCfg = Debug|Any CPU
		{FB9F83FC-AF46-4963-BB22-7C4C041151D8}.Debug|Any CPU.Build.0 = Debug|Any CPU
		{FB9F83FC-AF46-4963-BB22-7C4C041151D8}.Release|Any CPU.ActiveCfg = Release|Any CPU
		{FB9F83FC-AF46-4963-BB22-7C4C041151D8}.Release|Any CPU.Build.0 = Release|Any CPU
	EndGlobalSection
	GlobalSection(SolutionProperties) = preSolution
		HideSolutionNode = FALSE
	EndGlobalSection
EndGlobal
